
Microsoft Visual Studio Solution File, Format Version 12.00
# Visual Studio 15
VisualStudioVersion = 15.0.28307.852
MinimumVisualStudioVersion = 10.0.40219.1
Project("{FAE04EC0-301F-11D3-BF4B-00C04F79EFBC}") = "QuickType", "src\QuickType\QuickType.csproj", "{02E79211-4DD6-46FB-99CB-A891C623C99D}"
EndProject
Global
	GlobalSection(SolutionConfigurationPlatforms) = preSolution
		Debug|Any CPU = Debug|Any CPU
		Release|Any CPU = Release|Any CPU
	EndGlobalSection
	GlobalSection(ProjectConfigurationPlatforms) = postSolution
		{02E79211-4DD6-46FB-99CB-A891C623C99D}.Debug|Any CPU.ActiveCfg = Debug|Any CPU
		{02E79211-4DD6-46FB-99CB-A891C623C99D}.Debug|Any CPU.Build.0 = Debug|Any CPU
		{02E79211-4DD6-46FB-99CB-A891C623C99D}.Release|Any CPU.ActiveCfg = Release|Any CPU
		{02E79211-4DD6-46FB-99CB-A891C623C99D}.Release|Any CPU.Build.0 = Release|Any CPU
	EndGlobalSection
	GlobalSection(SolutionProperties) = preSolution
		HideSolutionNode = FALSE
	EndGlobalSection
	GlobalSection(ExtensibilityGlobals) = postSolution
		SolutionGuid = {32DC3A1C-3CAA-4105-B655-A4534C39677C}
	EndGlobalSection
EndGlobal
